{
  "version": 2,
  "packages": {
    "nimbus_security_resources": {
      "version": "0.1.0",
      "vcsRevision": "ce9945b1b159d4c9b628f8c4cd2d262964692810",
      "url": "https://github.com/status-im/nimbus-security-resources.git",
      "downloadMethod": "git",
      "dependencies": [],
      "checksums": {
        "sha1": "2b9fea7121c8d49823e0f42157badd9ec635ce48"
      }
    },

    "yaml": {
      "version": "1.1.0",
      "vcsRevision": "ab3ff9fad45fa7e20d749d0a03a7567225f5dd4a",
      "url": "https://github.com/status-im/NimYAML",
      "downloadMethod": "git",
      "dependencies": [],
      "checksums": {
        "sha1": "69800cc68996ea75203b1d3aa706fb37909dada1"
      }
    },
    "unittest2": {
      "version": "0.0.6",
      "vcsRevision": "883c7a50ad3b82158e64d074c5578fe33ab3c452",
      "url": "https://github.com/stefantalpalaru/nim-unittest2.git",
      "downloadMethod": "git",
      "dependencies": [],
      "checksums": {
        "sha1": "540e3959bd489b423dcd7d5f6373fa43153c35c8"
      }
    },
    "bearssl": {
      "version": "0.2.0",
      "vcsRevision": "acf9645e328bdcab481cfda1c158e07ecd46bd7b",
      "url": "https://github.com/status-im/nim-bearssl",
      "downloadMethod": "git",
      "dependencies": [
        "unittest2"
      ],
      "checksums": {
        "sha1": "c939aef6a1c17c95131242a6292ade1c92380792"
      }
    },
    "nimcrypto": {
      "version": "0.5.4",
      "vcsRevision": "f62df96cfc43f1e1c0acaf12807cfe99b3b45a9d",
      "url": "https://github.com/cheatfate/nimcrypto.git",
      "downloadMethod": "git",
      "dependencies": [],
      "checksums": {
        "sha1": "13898b6ffafdd31ed2b6b5784b61ca74fae46016"
      }
    },
    "results": {
      "version": "0.4.0",
      "vcsRevision": "f3c666a272c69d70cb41e7245e7f6844797303ad",
      "url": "https://github.com/arnetheduck/nim-results",
      "downloadMethod": "git",
      "dependencies": [],
      "checksums": {
        "sha1": "51e08ca9524db98dc909fb39192272cc2b5451c7"
      }
    },
    "stew": {
      "version": "0.1.0",
      "vcsRevision": "422b6e1435d1a668f2a2bb1ac98ccfaedd0bafd5",
      "url": "https://github.com/status-im/nim-stew.git",
      "downloadMethod": "git",
      "dependencies": [
        "results",
        "unittest2"
      ],
      "checksums": {
        "sha1": "086b90a2de382cd96970719050e1ffa18d5fd7ae"
      }
    },
    "taskpools": {
      "version": "0.0.4",
      "vcsRevision": "ffba69121689e14c0aa286c885d00b90889571e6",
      "url": "https://github.com/status-im/nim-taskpools.git",
      "downloadMethod": "git",
      "dependencies": [],
      "checksums": {
        "sha1": "1988a6c3bf63feb5977d7351921e94af0106b4f1"
      }
    },
    "blscurve": {
      "version": "0.0.1",
      "vcsRevision": "81ed3ff376e6549aead42e506861b3a6ef63b7fa",
      "url": "https://github.com/status-im/nim-blscurve",
      "downloadMethod": "git",
      "dependencies": [
        "nimcrypto",
        "stew",
        "taskpools"
      ],
      "checksums": {
        "sha1": "5977f8e6a1179ddb73f61d78aeaefb2398919828"
      }
    },
    "testutils": {
      "version": "0.5.0",
      "vcsRevision": "dfc4c1b39f9ded9baf6365014de2b4bfb4dafc34",
      "url": "https://github.com/status-im/nim-testutils.git",
      "downloadMethod": "git",
      "dependencies": [
        "unittest2"
      ],
      "checksums": {
        "sha1": "756d0757c4dd06a068f9d38c7f238576ba5ee897"
      }
    },
    "faststreams": {
      "version": "0.3.0",
      "vcsRevision": "720fc5e5c8e428d9d0af618e1e27c44b42350309",
      "url": "https://github.com/status-im/nim-faststreams.git",
      "downloadMethod": "git",
      "dependencies": [
        "stew",
        "unittest2"
      ],
      "checksums": {
        "sha1": "ab178ba25970b95d953434b5d86b4d60396ccb64"
      }
    },
    "serialization": {
      "version": "0.1.0",
      "vcsRevision": "bc46b4c1c1730cc25bf5fb5f3d64bd708a6ad89e",
      "url": "https://github.com/status-im/nim-serialization.git",
      "downloadMethod": "git",
      "dependencies": [
        "faststreams",
        "unittest2",
        "stew"
      ],
      "checksums": {
        "sha1": "3e562780460d399219a54362ca2e0e796f26253a"
      }
    },
    "json_serialization": {
      "version": "0.1.0",
      "vcsRevision": "f64d55f7ff480ed13eca9c97c15450a2c4106078",
      "url": "https://github.com/status-im/nim-json-serialization.git",
      "downloadMethod": "git",
      "dependencies": [
        "serialization",
        "stew"
      ],
      "checksums": {
        "sha1": "a10592594505dc4b58a5eb42859bda729e652513"
      }
    },
    "chronicles": {
      "version": "0.10.3",
      "vcsRevision": "af31ca2157ed5c65ed339a0bbe5bed6faa033502",
      "url": "https://github.com/status-im/nim-chronicles.git",
      "downloadMethod": "git",
      "dependencies": [
        "testutils",
        "json_serialization"
      ],
      "checksums": {
        "sha1": "1f3a34e842867cb9ad128f476306bdcbab69c470"
      }
    },
    "httputils": {
      "version": "0.3.0",
      "vcsRevision": "aad684d3758a74c1b327df93da2e956458410b48",
      "url": "https://github.com/status-im/nim-http-utils.git",
      "downloadMethod": "git",
      "dependencies": [
        "stew",
        "unittest2"
      ],
      "checksums": {
        "sha1": "cff631f7f4d6769aa3c02e48ab079b371614896f"
      }
    },
    "chronos": {
      "version": "3.2.0",
      "vcsRevision": "c4b066a2c4faeedd564e8467a9416920bfb4b9a9",
      "url": "https://github.com/status-im/nim-chronos.git",
      "downloadMethod": "git",
      "dependencies": [
        "stew",
        "bearssl",
        "httputils",
        "unittest2"
      ],
      "checksums": {
        "sha1": "272195e02e46db5b5656a0132ebc47d01671e448"
      }
    },
    "confutils": {
      "version": "0.1.0",
      "vcsRevision": "dbe8d61f7fbb1cb9d74b38f9012406c8071aa9e9",
      "url": "https://github.com/status-im/nim-confutils.git",
      "downloadMethod": "git",
      "dependencies": [
        "stew",
        "serialization"
      ],
      "checksums": {
        "sha1": "79fa58daa9d646b6755eeef918af1ed3fba51f54"
      }
    },
    "stint": {
      "version": "0.0.1",
      "vcsRevision": "94fc521ee0f1e113d09ceeaa3568d4d7a6c0b67d",
      "url": "https://github.com/status-im/nim-stint.git",
      "downloadMethod": "git",
      "dependencies": [
        "stew"
      ],
      "checksums": {
        "sha1": "4b8c762c276fe02bcd81723bb510c23d5525fb11"
      }
    },
    "secp256k1": {
      "version": "0.6.0.3.1",
      "vcsRevision": "5fd81357839d57ef38fb17647bd5e31dfa9f55b8",
      "url": "https://github.com/status-im/nim-secp256k1.git",
      "downloadMethod": "git",
      "dependencies": [
        "stew",
        "nimcrypto"
      ],
      "checksums": {
        "sha1": "84c318e294175ba91d25516e0ee676814301ca95"
      }
    },
    "nat_traversal": {
      "version": "0.0.1",
      "vcsRevision": "27d314d65c9078924b3239fe4e2f5af0c512b28c",
      "url": "https://github.com/status-im/nim-nat-traversal.git",
      "downloadMethod": "git",
      "dependencies": [
        "stew"
      ],
      "checksums": {
        "sha1": "ec34f11d4f1fc5aa67ff001b82ba938b5feeaab4"
      }
    },
    "metrics": {
      "version": "0.0.1",
      "vcsRevision": "a2293e8a34f2a6cf264aec47e4becf2f53a0e467",
      "url": "https://github.com/status-im/nim-metrics.git",
      "downloadMethod": "git",
      "dependencies": [
        "chronos"
      ],
      "checksums": {
        "sha1": "7ff4fa086853fc32930ab1e94c925695d91813e0"
      }
    },
    "sqlite3_abi": {
      "version": "3.40.1.1",
      "vcsRevision": "362e1bd9f689ad9f5380d9d27f0705b3d4dfc7d3",
      "url": "https://github.com/arnetheduck/nim-sqlite3-abi.git",
      "downloadMethod": "git",
      "dependencies": [],
      "checksums": {
        "sha1": "8e91db8156a82383d9c48f53b33e48f4e93077b1"
      }
    },
    "eth": {
      "version": "1.0.0",
      "vcsRevision": "074edff1b4cdbc9989e2ee9f996437a28a3ba182",
      "url": "https://github.com/status-im/nim-eth.git",
      "downloadMethod": "git",
      "dependencies": [
        "nimcrypto",
        "stint",
        "secp256k1",
        "chronos",
        "chronicles",
        "stew",
        "nat_traversal",
        "metrics",
        "sqlite3_abi",
        "confutils",
        "testutils",
        "unittest2"
      ],
      "checksums": {
        "sha1": "15d75ffb417967ccba94572ad73f9cbaab8b7cfa"
      }
    },
    "zlib": {
      "version": "0.1.0",
      "vcsRevision": "cd3ef7766b803fc41174b9b0757a748df189db72",
      "url": "https://github.com/status-im/nim-zlib",
      "downloadMethod": "git",
      "dependencies": [
        "stew"
      ],
      "checksums": {
        "sha1": "00d5178b54856b09a6d9678d6ddafadd0344788f"
      }
    },
    "websock": {
      "version": "0.1.0",
      "vcsRevision": "fea05cde8b123b38d1a0a8524b77efbc84daa848",
      "url": "https://github.com/status-im/nim-websock",
      "downloadMethod": "git",
      "dependencies": [
        "chronos",
        "httputils",
        "chronicles",
        "stew",
        "nimcrypto",
        "bearssl",
        "zlib"
      ],
      "checksums": {
        "sha1": "fc7626b0858afccd7968301e904671c0694ac807"
      }
    },
    "json_rpc": {
      "version": "0.0.2",
      "vcsRevision": "32200345f80a3b5f72e15d1b4e9363363d95a1cd",
      "url": "https://github.com/status-im/nim-json-rpc.git",
      "downloadMethod": "git",
      "dependencies": [
        "stew",
        "nimcrypto",
        "stint",
        "chronos",
        "httputils",
        "chronicles",
        "websock",
        "json_serialization",
        "unittest2"
      ],
      "checksums": {
        "sha1": "2e609e43a6934baa71588aa34191bf5529f4c03a"
      }
    },
    "libbacktrace": {
      "version": "0.0.8",
      "vcsRevision": "b29c22ba0ef13de50b779c776830dbea1d50cd33",
      "url": "https://github.com/status-im/nim-libbacktrace.git",
      "downloadMethod": "git",
      "dependencies": [],
      "checksums": {
        "sha1": "3803e1d2c0cd0d3c8f5371a385a41ed7807d59f6"
      }
    },
    "dnsclient": {
      "version": "0.3.4",
      "vcsRevision": "23214235d4784d24aceed99bbfe153379ea557c8",
      "url": "https://github.com/ba0f3/dnsclient.nim",
      "downloadMethod": "git",
      "dependencies": [],
      "checksums": {
        "sha1": "65262c7e533ff49d6aca5539da4bc6c6ce132f40"
      }
    },
    "libp2p": {
      "version": "0.0.2",
      "vcsRevision": "1de7508b64e29c2bcad7a393c36cf8390a8c50fe",
      "url": "https://github.com/status-im/nim-libp2p.git",
      "downloadMethod": "git",
      "dependencies": [
        "nimcrypto",
        "dnsclient",
        "bearssl",
        "chronicles",
        "chronos",
        "metrics",
        "secp256k1",
        "stew",
        "websock"
      ],
      "checksums": {
        "sha1": "e729a9d721b26ffd9ec10054332172d65db3684c"
      }
    },
    "unicodedb": {
      "version": "0.11.0",
      "vcsRevision": "c3c9ae079ab2eed33ffe5ca27ec4013beed7647f",
      "url": "https://github.com/nitely/nim-unicodedb.git",
      "downloadMethod": "git",
      "dependencies": [],
      "checksums": {
        "sha1": "50e719790e3cabb159aa4a5c467c7f9839666932"
      }
    },
    "normalize": {
      "version": "0.8.0",
      "vcsRevision": "30948551be113d809b28bf6131c925caff3af515",
      "url": "https://github.com/nitely/nim-normalize.git",
      "downloadMethod": "git",
      "dependencies": [
        "unicodedb"
      ],
      "checksums": {
        "sha1": "9ad415f090f6e8e40cbbcc72efd5a925ac1aa725"
      }
    },
    "presto": {
      "version": "0.0.4",
      "vcsRevision": "35652ed19ccbbf042e95941bc2f8bab39e3f6030",
      "url": "https://github.com/status-im/nim-presto.git",
      "downloadMethod": "git",
      "dependencies": [
        "chronos",
        "chronicles",
        "stew"
      ],
      "checksums": {
        "sha1": "d5a13830f0a99d512175ba004a4caf27d6fbd2d3"
      }
    },
    "snappy": {
      "version": "0.1.0",
      "vcsRevision": "ecbcee1d100140db6cb9c13d753d739fb5102fa3",
      "url": "https://github.com/status-im/nim-snappy.git",
      "downloadMethod": "git",
      "dependencies": [
        "faststreams",
        "unittest2",
        "stew"
      ],
      "checksums": {
        "sha1": "29046a578fd5e8b3a350e6b03d2b1dfdc0dcbc0f"
      }
    },
    "ssz_serialization": {
      "version": "0.1.0",
      "vcsRevision": "3f8946ab2de304a9130aa80874bc2e4025d62303",
      "url": "https://github.com/status-im/nim-ssz-serialization.git",
      "downloadMethod": "git",
      "dependencies": [
        "serialization",
        "json_serialization",
        "stew",
        "stint",
        "nimcrypto",
        "blscurve",
        "unittest2"
      ],
      "checksums": {
        "sha1": "a780b969b17de9f18e7d7ff9a63af712d8e78ec5"
      }
    },
    "web3": {
      "version": "0.0.1",
      "vcsRevision": "759c31439c5e01655bf0a8e8a47f6db010c7a5b8",
      "url": "https://github.com/status-im/nim-web3.git",
      "downloadMethod": "git",
      "dependencies": [
        "chronicles",
        "chronos",
        "eth",
        "faststreams",
        "json_rpc",
        "json_serialization",
        "nimcrypto",
        "stew",
        "stint"
      ],
      "checksums": {
        "sha1": "deaae2204a234cdca3a445b766e2e16c1d693983"
      }
    },
    "zxcvbn": {
      "version": "0.1.0",
      "vcsRevision": "b6ce43a79ead9adcfa92e9e5f22ec91f116e51b9",
      "url": "https://github.com/status-im/nim-zxcvbn.git",
      "downloadMethod": "git",
      "dependencies": [
        "testutils"
      ],
      "checksums": {
        "sha1": "3675a45ea8d6df4f7c3e072ef4abc53846c5a636"
      }
    },
    "beacon_chain": {
      "version": "1.4.2",
      "vcsRevision": "ef58c1664a5400b7f5c2098728d2e7081340f5fc",
      "url": "https://github.com/yyoncho/nimbus-eth2.git",
      "downloadMethod": "git",
      "dependencies": [
        "yaml",
        "bearssl",
        "blscurve",
        "chronicles",
        "chronos",
        "confutils",
        "eth",
        "faststreams",
        "httputils",
        "json_rpc",
        "json_serialization",
        "libbacktrace",
        "libp2p",
        "metrics",
        "nat_traversal",
        "nimcrypto",
        "normalize",
        "presto",
        "secp256k1",
        "serialization",
        "snappy",
        "sqlite3_abi",
        "ssz_serialization",
        "stew",
        "stint",
        "taskpools",
        "testutils",
        "unicodedb",
        "unittest2",
        "web3",
        "zlib",
        "zxcvbn"
      ],
      "checksums": {
        "sha1": "efbf45e1b2d72ac9b0d602ef8c3a94c69f9da278"
      }
    },
    "bncurve": {
      "version": "1.0.1",
      "vcsRevision": "9677794afb8ce729dcde2808554ee3d12afa504a",
      "url": "https://github.com/status-im/nim-bncurve.git",
      "downloadMethod": "git",
      "dependencies": [
        "nimcrypto"
      ],
      "checksums": {
        "sha1": "44965c10e49467413def4d0aecdf2311ab2ccd74"
      }
    },
    "ethash": {
      "version": "0.0.1",
      "vcsRevision": "c1d640184bffa38714974e883f9a9f856779fefa",
      "url": "https://github.com/status-im/nim-ethash",
      "downloadMethod": "git",
      "dependencies": [
        "nimcrypto"
      ],
      "checksums": {
        "sha1": "ca4a127e59a3e593cf528eb132e6fc93b78fc06b"
      }
    },
    "evmc": {
      "version": "0.10.2",
      "vcsRevision": "51bdaa5ddb488f874477afa0f4bd23b5111a3806",
      "url": "https://github.com/status-im/nim-evmc",
      "downloadMethod": "git",
      "dependencies": [
        "stew"
      ],
      "checksums": {
        "sha1": "c60f2ce48f7d65f28e1e8e586abd4ad8c7b65bbc"
      }
    },
    "graphql": {
      "version": "0.2.26",
      "vcsRevision": "07f238bd05f966a3ca4aa5c16c108fc7ecd07ed0",
      "url": "https://github.com/status-im/nim-graphql",
      "downloadMethod": "git",
      "dependencies": [
        "faststreams",
        "stew",
        "json_serialization",
        "chronicles",
        "zlib",
        "unittest2",
        "chronos"
      ],
      "checksums": {
        "sha1": "88a4b213bc36b1061de0e2eb4f1822ac4dc2f7a1"
      }
    },
    "kzg4844": {
      "version": "0.1.0",
      "vcsRevision": "f8b78edcc8296f412c2593e6d60f47c77aa421c5",
      "url": "https://github.com/status-im/nim-kzg4844",
      "downloadMethod": "git",
      "dependencies": [
        "stew",
        "unittest2"
      ],
      "checksums": {
        "sha1": "a70467b972948458b4fd1d00188e3c91ad1252a9"
      }
    },
    "nim": {
      "version": "1.6.12",
      "vcsRevision": "1aa9273640c0c51486cf3a7b67282fe58f360e91",
      "url": "https://github.com/status-im/Nim.git",
      "downloadMethod": "git",
      "dependencies": [],
      "checksums": {
        "sha1": "cecd0570780812de667861fe69e23142aafc2f12"
      }
    },
    "tempfile": {
      "version": "0.1.7",
      "vcsRevision": "96fe74e69838c99641e4f7138c987d5f346c26f1",
      "url": "https://github.com/OpenSystemsLab/tempfile.nim.git",
      "downloadMethod": "git",
      "dependencies": [],
      "checksums": {
        "sha1": "349a0dab2dfb3293420f316bfdb4a532166eb30a"
      }
    },
    "rocksdb": {
      "version": "0.3.1",
      "vcsRevision": "724b72fe104bd0af5e1520326e68e9cee0890ec8",
      "url": "https://github.com/status-im/nim-rocksdb.git",
      "downloadMethod": "git",
      "dependencies": [
        "stew",
        "tempfile"
      ],
      "checksums": {
        "sha1": "b854765b972958895d8638df1351bcb118e94a16"
      }
    },
    "toml_serialization": {
      "version": "0.2.4",
      "vcsRevision": "bad61aa6db4fd7aa0007c99b07276da55cc097da",
      "url": "https://github.com/status-im/nim-toml-serialization",
      "downloadMethod": "git",
      "dependencies": [
        "serialization",
        "stew"
      ],
      "checksums": {
        "sha1": "c8ae875585bfadadb17f5a1b78440c3b851db7e7"
      }
    }
  },
  "tasks": {}
}
